
Microsoft Visual Studio Solution File, Format Version 12.00
# Visual Studio Version 17
VisualStudioVersion = 17.9.34902.65
MinimumVisualStudioVersion = 10.0.40219.1
Project("{9A19103F-16F7-4668-BE54-9A1E7A4F7556}") = "ReklamationAPI", "ReklamationAPI\ReklamationAPI.csproj", "{C76DCC7F-F4BD-4556-B096-743B77778432}"
EndProject
Project("{FAE04EC0-301F-11D3-BF4B-00C04F79EFBC}") = "ReklamationAPI.Tests", "ReklamationAPI.Tests\ReklamationAPI.Tests.csproj", "{15906D28-18AD-494C-9245-B131BFDDC6F2}"
EndProject
Global
	GlobalSection(SolutionConfigurationPlatforms) = preSolution
		Debug|Any CPU = Debug|Any CPU
		Release|Any CPU = Release|Any CPU
	EndGlobalSection
	GlobalSection(ProjectConfigurationPlatforms) = postSolution
		{C76DCC7F-F4BD-4556-B096-743B77778432}.Debug|Any CPU.ActiveCfg = Debug|Any CPU
		{C76DCC7F-F4BD-4556-B096-743B77778432}.Debug|Any CPU.Build.0 = Debug|Any CPU
		{C76DCC7F-F4BD-4556-B096-743B77778432}.Release|Any CPU.ActiveCfg = Release|Any CPU
		{C76DCC7F-F4BD-4556-B096-743B77778432}.Release|Any CPU.Build.0 = Release|Any CPU
		{15906D28-18AD-494C-9245-B131BFDDC6F2}.Debug|Any CPU.ActiveCfg = Debug|Any CPU
		{15906D28-18AD-494C-9245-B131BFDDC6F2}.Debug|Any CPU.Build.0 = Debug|Any CPU
		{15906D28-18AD-494C-9245-B131BFDDC6F2}.Release|Any CPU.ActiveCfg = Release|Any CPU
		{15906D28-18AD-494C-9245-B131BFDDC6F2}.Release|Any CPU.Build.0 = Release|Any CPU
	EndGlobalSection
	GlobalSection(SolutionProperties) = preSolution
		HideSolutionNode = FALSE
	EndGlobalSection
	GlobalSection(ExtensibilityGlobals) = postSolution
		SolutionGuid = {C442C950-DB9B-484A-847B-5E0CB3D7D719}
	EndGlobalSection
EndGlobal
